// !$*UTF8*$!
{
	archiveVersion = 1;
	classes = {
	};
	objectVersion = 56;
	objects = {

/* Begin PBXBuildFile section */
		325C588129AA9F4100508E08 /* AppDelegate.swift in Sources */ = {isa = PBXBuildFile; fileRef = 325C588029AA9F4100508E08 /* AppDelegate.swift */; };
		325C588329AA9F4100508E08 /* SceneDelegate.swift in Sources */ = {isa = PBXBuildFile; fileRef = 325C588229AA9F4100508E08 /* SceneDelegate.swift */; };
		325C588529AA9F4100508E08 /* ViewController.swift in Sources */ = {isa = PBXBuildFile; fileRef = 325C588429AA9F4100508E08 /* ViewController.swift */; };
		325C588829AA9F4100508E08 /* Main.storyboard in Resources */ = {isa = PBXBuildFile; fileRef = 325C588629AA9F4100508E08 /* Main.storyboard */; };
		325C588A29AA9F4200508E08 /* Assets.xcassets in Resources */ = {isa = PBXBuildFile; fileRef = 325C588929AA9F4200508E08 /* Assets.xcassets */; };
		325C588D29AA9F4200508E08 /* LaunchScreen.storyboard in Resources */ = {isa = PBXBuildFile; fileRef = 325C588B29AA9F4200508E08 /* LaunchScreen.storyboard */; };
		325C589829AA9F4200508E08 /* newexampleTests.swift in Sources */ = {isa = PBXBuildFile; fileRef = 325C589729AA9F4200508E08 /* newexampleTests.swift */; };
		325C58A229AA9F4200508E08 /* newexampleUITests.swift in Sources */ = {isa = PBXBuildFile; fileRef = 325C58A129AA9F4200508E08 /* newexampleUITests.swift */; };
		325C58A429AA9F4200508E08 /* newexampleUITestsLaunchTests.swift in Sources */ = {isa = PBXBuildFile; fileRef = 325C58A329AA9F4200508E08 /* newexampleUITestsLaunchTests.swift */; };
		325C58B129AA9FED00508E08 /* Model.swift in Sources */ = {isa = PBXBuildFile; fileRef = 325C58B029AA9FED00508E08 /* Model.swift */; };
		325C58B329AAA0C800508E08 /* Networking.swift in Sources */ = {isa = PBXBuildFile; fileRef = 325C58B229AAA0C800508E08 /* Networking.swift */; };
		325C58B529AAA20B00508E08 /* ViewModel.swift in Sources */ = {isa = PBXBuildFile; fileRef = 325C58B429AAA20B00508E08 /* ViewModel.swift */; };
/* End PBXBuildFile section */

/* Begin PBXContainerItemProxy section */
		325C589429AA9F4200508E08 /* PBXContainerItemProxy */ = {
			isa = PBXContainerItemProxy;
			containerPortal = 325C587529AA9F4100508E08 /* Project object */;
			proxyType = 1;
			remoteGlobalIDString = 325C587C29AA9F4100508E08;
			remoteInfo = newexample;
		};
		325C589E29AA9F4200508E08 /* PBXContainerItemProxy */ = {
			isa = PBXContainerItemProxy;
			containerPortal = 325C587529AA9F4100508E08 /* Project object */;
			proxyType = 1;
			remoteGlobalIDString = 325C587C29AA9F4100508E08;
			remoteInfo = newexample;
		};
/* End PBXContainerItemProxy section */

/* Begin PBXFileReference section */
		325C587D29AA9F4100508E08 /* newexample.app */ = {isa = PBXFileReference; explicitFileType = wrapper.application; includeInIndex = 0; path = newexample.app; sourceTree = BUILT_PRODUCTS_DIR; };
		325C588029AA9F4100508E08 /* AppDelegate.swift */ = {isa = PBXFileReference; lastKnownFileType = sourcecode.swift; path = AppDelegate.swift; sourceTree = "<group>"; };
		325C588229AA9F4100508E08 /* SceneDelegate.swift */ = {isa = PBXFileReference; lastKnownFileType = sourcecode.swift; path = SceneDelegate.swift; sourceTree = "<group>"; };
		325C588429AA9F4100508E08 /* ViewController.swift */ = {isa = PBXFileReference; lastKnownFileType = sourcecode.swift; path = ViewController.swift; sourceTree = "<group>"; };
		325C588729AA9F4100508E08 /* Base */ = {isa = PBXFileReference; lastKnownFileType = file.storyboard; name = Base; path = Base.lproj/Main.storyboard; sourceTree = "<group>"; };
		325C588929AA9F4200508E08 /* Assets.xcassets */ = {isa = PBXFileReference; lastKnownFileType = folder.assetcatalog; path = Assets.xcassets; sourceTree = "<group>"; };
		325C588C29AA9F4200508E08 /* Base */ = {isa = PBXFileReference; lastKnownFileType = file.storyboard; name = Base; path = Base.lproj/LaunchScreen.storyboard; sourceTree = "<group>"; };
		325C588E29AA9F4200508E08 /* Info.plist */ = {isa = PBXFileReference; lastKnownFileType = text.plist.xml; path = Info.plist; sourceTree = "<group>"; };
		325C589329AA9F4200508E08 /* newexampleTests.xctest */ = {isa = PBXFileReference; explicitFileType = wrapper.cfbundle; includeInIndex = 0; path = newexampleTests.xctest; sourceTree = BUILT_PRODUCTS_DIR; };
		325C589729AA9F4200508E08 /* newexampleTests.swift */ = {isa = PBXFileReference; lastKnownFileType = sourcecode.swift; path = newexampleTests.swift; sourceTree = "<group>"; };
		325C589D29AA9F4200508E08 /* newexampleUITests.xctest */ = {isa = PBXFileReference; explicitFileType = wrapper.cfbundle; includeInIndex = 0; path = newexampleUITests.xctest; sourceTree = BUILT_PRODUCTS_DIR; };
		325C58A129AA9F4200508E08 /* newexampleUITests.swift */ = {isa = PBXFileReference; lastKnownFileType = sourcecode.swift; path = newexampleUITests.swift; sourceTree = "<group>"; };
		325C58A329AA9F4200508E08 /* newexampleUITestsLaunchTests.swift */ = {isa = PBXFileReference; lastKnownFileType = sourcecode.swift; path = newexampleUITestsLaunchTests.swift; sourceTree = "<group>"; };
		325C58B029AA9FED00508E08 /* Model.swift */ = {isa = PBXFileReference; lastKnownFileType = sourcecode.swift; path = Model.swift; sourceTree = "<group>"; };
		325C58B229AAA0C800508E08 /* Networking.swift */ = {isa = PBXFileReference; lastKnownFileType = sourcecode.swift; path = Networking.swift; sourceTree = "<group>"; };
		325C58B429AAA20B00508E08 /* ViewModel.swift */ = {isa = PBXFileReference; lastKnownFileType = sourcecode.swift; path = ViewModel.swift; sourceTree = "<group>"; };
/* End PBXFileReference section */

/* Begin PBXFrameworksBuildPhase section */
		325C587A29AA9F4100508E08 /* Frameworks */ = {
			isa = PBXFrameworksBuildPhase;
			buildActionMask = 2147483647;
			files = (
			);
			runOnlyForDeploymentPostprocessing = 0;
		};
		325C589029AA9F4200508E08 /* Frameworks */ = {
			isa = PBXFrameworksBuildPhase;
			buildActionMask = 2147483647;
			files = (
			);
			runOnlyForDeploymentPostprocessing = 0;
		};
		325C589A29AA9F4200508E08 /* Frameworks */ = {
			isa = PBXFrameworksBuildPhase;
			buildActionMask = 2147483647;
			files = (
			);
			runOnlyForDeploymentPostprocessing = 0;
		};
/* End PBXFrameworksBuildPhase section */

/* Begin PBXGroup section */
		325C587429AA9F4100508E08 = {
			isa = PBXGroup;
			children = (
				325C587F29AA9F4100508E08 /* newexample */,
				325C589629AA9F4200508E08 /* newexampleTests */,
				325C58A029AA9F4200508E08 /* newexampleUITests */,
				325C587E29AA9F4100508E08 /* Products */,
			);
			sourceTree = "<group>";
		};
		325C587E29AA9F4100508E08 /* Products */ = {
			isa = PBXGroup;
			children = (
				325C587D29AA9F4100508E08 /* newexample.app */,
				325C589329AA9F4200508E08 /* newexampleTests.xctest */,
				325C589D29AA9F4200508E08 /* newexampleUITests.xctest */,
			);
			name = Products;
			sourceTree = "<group>";
		};
		325C587F29AA9F4100508E08 /* newexample */ = {
			isa = PBXGroup;
			children = (
				325C588029AA9F4100508E08 /* AppDelegate.swift */,
				325C588229AA9F4100508E08 /* SceneDelegate.swift */,
				325C588429AA9F4100508E08 /* ViewController.swift */,
				325C588629AA9F4100508E08 /* Main.storyboard */,
				325C588929AA9F4200508E08 /* Assets.xcassets */,
				325C588B29AA9F4200508E08 /* LaunchScreen.storyboard */,
				325C588E29AA9F4200508E08 /* Info.plist */,
				325C58B029AA9FED00508E08 /* Model.swift */,
				325C58B229AAA0C800508E08 /* Networking.swift */,
				325C58B429AAA20B00508E08 /* ViewModel.swift */,
			);
			path = newexample;
			sourceTree = "<group>";
		};
		325C589629AA9F4200508E08 /* newexampleTests */ = {
			isa = PBXGroup;
			children = (
				325C589729AA9F4200508E08 /* newexampleTests.swift */,
			);
			path = newexampleTests;
			sourceTree = "<group>";
		};
		325C58A029AA9F4200508E08 /* newexampleUITests */ = {
			isa = PBXGroup;
			children = (
				325C58A129AA9F4200508E08 /* newexampleUITests.swift */,
				325C58A329AA9F4200508E08 /* newexampleUITestsLaunchTests.swift */,
			);
			path = newexampleUITests;
			sourceTree = "<group>";
		};
/* End PBXGroup section */

/* Begin PBXNativeTarget section */
		325C587C29AA9F4100508E08 /* newexample */ = {
			isa = PBXNativeTarget;
			buildConfigurationList = 325C58A729AA9F4200508E08 /* Build configuration list for PBXNativeTarget "newexample" */;
			buildPhases = (
				325C587929AA9F4100508E08 /* Sources */,
				325C587A29AA9F4100508E08 /* Frameworks */,
				325C587B29AA9F4100508E08 /* Resources */,
			);
			buildRules = (
			);
			dependencies = (
			);
			name = newexample;
			productName = newexample;
			productReference = 325C587D29AA9F4100508E08 /* newexample.app */;
			productType = "com.apple.product-type.application";
		};
		325C589229AA9F4200508E08 /* newexampleTests */ = {
			isa = PBXNativeTarget;
			buildConfigurationList = 325C58AA29AA9F4200508E08 /* Build configuration list for PBXNativeTarget "newexampleTests" */;
			buildPhases = (
				325C588F29AA9F4200508E08 /* Sources */,
				325C589029AA9F4200508E08 /* Frameworks */,
				325C589129AA9F4200508E08 /* Resources */,
			);
			buildRules = (
			);
			dependencies = (
				325C589529AA9F4200508E08 /* PBXTargetDependency */,
			);
			name = newexampleTests;
			productName = newexampleTests;
			productReference = 325C589329AA9F4200508E08 /* newexampleTests.xctest */;
			productType = "com.apple.product-type.bundle.unit-test";
		};
		325C589C29AA9F4200508E08 /* newexampleUITests */ = {
			isa = PBXNativeTarget;
			buildConfigurationList = 325C58AD29AA9F4200508E08 /* Build configuration list for PBXNativeTarget "newexampleUITests" */;
			buildPhases = (
				325C589929AA9F4200508E08 /* Sources */,
				325C589A29AA9F4200508E08 /* Frameworks */,
				325C589B29AA9F4200508E08 /* Resources */,
			);
			buildRules = (
			);
			dependencies = (
				325C589F29AA9F4200508E08 /* PBXTargetDependency */,
			);
			name = newexampleUITests;
			productName = newexampleUITests;
			productReference = 325C589D29AA9F4200508E08 /* newexampleUITests.xctest */;
			productType = "com.apple.product-type.bundle.ui-testing";
		};
/* End PBXNativeTarget section */

/* Begin PBXProject section */
		325C587529AA9F4100508E08 /* Project object */ = {
			isa = PBXProject;
			attributes = {
				BuildIndependentTargetsInParallel = 1;
				LastSwiftUpdateCheck = 1420;
				LastUpgradeCheck = 1420;
				TargetAttributes = {
					325C587C29AA9F4100508E08 = {
						CreatedOnToolsVersion = 14.2;
					};
					325C589229AA9F4200508E08 = {
						CreatedOnToolsVersion = 14.2;
						TestTargetID = 325C587C29AA9F4100508E08;
					};
					325C589C29AA9F4200508E08 = {
						CreatedOnToolsVersion = 14.2;
						TestTargetID = 325C587C29AA9F4100508E08;
					};
				};
			};
			buildConfigurationList = 325C587829AA9F4100508E08 /* Build configuration list for PBXProject "newexample" */;
			compatibilityVersion = "Xcode 14.0";
			developmentRegion = en;
			hasScannedForEncodings = 0;
			knownRegions = (
				en,
				Base,
			);
			mainGroup = 325C587429AA9F4100508E08;
			productRefGroup = 325C587E29AA9F4100508E08 /* Products */;
			projectDirPath = "";
			projectRoot = "";
			targets = (
				325C587C29AA9F4100508E08 /* newexample */,
				325C589229AA9F4200508E08 /* newexampleTests */,
				325C589C29AA9F4200508E08 /* newexampleUITests */,
			);
		};
/* End PBXProject section */

/* Begin PBXResourcesBuildPhase section */
		325C587B29AA9F4100508E08 /* Resources */ = {
			isa = PBXResourcesBuildPhase;
			buildActionMask = 2147483647;
			files = (
				325C588D29AA9F4200508E08 /* LaunchScreen.storyboard in Resources */,
				325C588A29AA9F4200508E08 /* Assets.xcassets in Resources */,
				325C588829AA9F4100508E08 /* Main.storyboard in Resources */,
			);
			runOnlyForDeploymentPostprocessing = 0;
		};
		325C589129AA9F4200508E08 /* Resources */ = {
			isa = PBXResourcesBuildPhase;
			buildActionMask = 2147483647;
			files = (
			);
			runOnlyForDeploymentPostprocessing = 0;
		};
		325C589B29AA9F4200508E08 /* Resources */ = {
			isa = PBXResourcesBuildPhase;
			buildActionMask = 2147483647;
			files = (
			);
			runOnlyForDeploymentPostprocessing = 0;
		};
/* End PBXResourcesBuildPhase section */

/* Begin PBXSourcesBuildPhase section */
		325C587929AA9F4100508E08 /* Sources */ = {
			isa = PBXSourcesBuildPhase;
			buildActionMask = 2147483647;
			files = (
				325C588529AA9F4100508E08 /* ViewController.swift in Sources */,
				325C58B329AAA0C800508E08 /* Networking.swift in Sources */,
				325C588129AA9F4100508E08 /* AppDelegate.swift in Sources */,
				325C588329AA9F4100508E08 /* SceneDelegate.swift in Sources */,
				325C58B529AAA20B00508E08 /* ViewModel.swift in Sources */,
				325C58B129AA9FED00508E08 /* Model.swift in Sources */,
			);
			runOnlyForDeploymentPostprocessing = 0;
		};
		325C588F29AA9F4200508E08 /* Sources */ = {
			isa = PBXSourcesBuildPhase;
			buildActionMask = 2147483647;
			files = (
				325C589829AA9F4200508E08 /* newexampleTests.swift in Sources */,
			);
			runOnlyForDeploymentPostprocessing = 0;
		};
		325C589929AA9F4200508E08 /* Sources */ = {
			isa = PBXSourcesBuildPhase;
			buildActionMask = 2147483647;
			files = (
				325C58A429AA9F4200508E08 /* newexampleUITestsLaunchTests.swift in Sources */,
				325C58A229AA9F4200508E08 /* newexampleUITests.swift in Sources */,
			);
			runOnlyForDeploymentPostprocessing = 0;
		};
/* End PBXSourcesBuildPhase section */

/* Begin PBXTargetDependency section */
		325C589529AA9F4200508E08 /* PBXTargetDependency */ = {
			isa = PBXTargetDependency;
			target = 325C587C29AA9F4100508E08 /* newexample */;
			targetProxy = 325C589429AA9F4200508E08 /* PBXContainerItemProxy */;
		};
		325C589F29AA9F4200508E08 /* PBXTargetDependency */ = {
			isa = PBXTargetDependency;
			target = 325C587C29AA9F4100508E08 /* newexample */;
			targetProxy = 325C589E29AA9F4200508E08 /* PBXContainerItemProxy */;
		};
/* End PBXTargetDependency section */

/* Begin PBXVariantGroup section */
		325C588629AA9F4100508E08 /* Main.storyboard */ = {
			isa = PBXVariantGroup;
			children = (
				325C588729AA9F4100508E08 /* Base */,
			);
			name = Main.storyboard;
			sourceTree = "<group>";
		};
		325C588B29AA9F4200508E08 /* LaunchScreen.storyboard */ = {
			isa = PBXVariantGroup;
			children = (
				325C588C29AA9F4200508E08 /* Base */,
			);
			name = LaunchScreen.storyboard;
			sourceTree = "<group>";
		};
/* End PBXVariantGroup section */

/* Begin XCBuildConfiguration section */
		325C58A529AA9F4200508E08 /* Debug */ = {
			isa = XCBuildConfiguration;
			buildSettings = {
				ALWAYS_SEARCH_USER_PATHS = NO;
				CLANG_ANALYZER_NONNULL = YES;
				CLANG_ANALYZER_NUMBER_OBJECT_CONVERSION = YES_AGGRESSIVE;
				CLANG_CXX_LANGUAGE_STANDARD = "gnu++20";
				CLANG_ENABLE_MODULES = YES;
				CLANG_ENABLE_OBJC_ARC = YES;
				CLANG_ENABLE_OBJC_WEAK = YES;
				CLANG_WARN_BLOCK_CAPTURE_AUTORELEASING = YES;
				CLANG_WARN_BOOL_CONVERSION = YES;
				CLANG_WARN_COMMA = YES;
				CLANG_WARN_CONSTANT_CONVERSION = YES;
				CLANG_WARN_DEPRECATED_OBJC_IMPLEMENTATIONS = YES;
				CLANG_WARN_DIRECT_OBJC_ISA_USAGE = YES_ERROR;
				CLANG_WARN_DOCUMENTATION_COMMENTS = YES;
				CLANG_WARN_EMPTY_BODY = YES;
				CLANG_WARN_ENUM_CONVERSION = YES;
				CLANG_WARN_INFINITE_RECURSION = YES;
				CLANG_WARN_INT_CONVERSION = YES;
				CLANG_WARN_NON_LITERAL_NULL_CONVERSION = YES;
				CLANG_WARN_OBJC_IMPLICIT_RETAIN_SELF = YES;
				CLANG_WARN_OBJC_LITERAL_CONVERSION = YES;
				CLANG_WARN_OBJC_ROOT_CLASS = YES_ERROR;
				CLANG_WARN_QUOTED_INCLUDE_IN_FRAMEWORK_HEADER = YES;
				CLANG_WARN_RANGE_LOOP_ANALYSIS = YES;
				CLANG_WARN_STRICT_PROTOTYPES = YES;
				CLANG_WARN_SUSPICIOUS_MOVE = YES;
				CLANG_WARN_UNGUARDED_AVAILABILITY = YES_AGGRESSIVE;
				CLANG_WARN_UNREACHABLE_CODE = YES;
				CLANG_WARN__DUPLICATE_METHOD_MATCH = YES;
				COPY_PHASE_STRIP = NO;
				DEBUG_INFORMATION_FORMAT = dwarf;
				ENABLE_STRICT_OBJC_MSGSEND = YES;
				ENABLE_TESTABILITY = YES;
				GCC_C_LANGUAGE_STANDARD = gnu11;
				GCC_DYNAMIC_NO_PIC = NO;
				GCC_NO_COMMON_BLOCKS = YES;
				GCC_OPTIMIZATION_LEVEL = 0;
				GCC_PREPROCESSOR_DEFINITIONS = (
					"DEBUG=1",
					"$(inherited)",
				);
				GCC_WARN_64_TO_32_BIT_CONVERSION = YES;
				GCC_WARN_ABOUT_RETURN_TYPE = YES_ERROR;
				GCC_WARN_UNDECLARED_SELECTOR = YES;
				GCC_WARN_UNINITIALIZED_AUTOS = YES_AGGRESSIVE;
				GCC_WARN_UNUSED_FUNCTION = YES;
				GCC_WARN_UNUSED_VARIABLE = YES;
				IPHONEOS_DEPLOYMENT_TARGET = 16.2;
				MTL_ENABLE_DEBUG_INFO = INCLUDE_SOURCE;
				MTL_FAST_MATH = YES;
				ONLY_ACTIVE_ARCH = YES;
				SDKROOT = iphoneos;
				SWIFT_ACTIVE_COMPILATION_CONDITIONS = DEBUG;
				SWIFT_OPTIMIZATION_LEVEL = "-Onone";
			};
			name = Debug;
		};
		325C58A629AA9F4200508E08 /* Release */ = {
			isa = XCBuildConfiguration;
			buildSettings = {
				ALWAYS_SEARCH_USER_PATHS = NO;
				CLANG_ANALYZER_NONNULL = YES;
				CLANG_ANALYZER_NUMBER_OBJECT_CONVERSION = YES_AGGRESSIVE;
				CLANG_CXX_LANGUAGE_STANDARD = "gnu++20";
				CLANG_ENABLE_MODULES = YES;
				CLANG_ENABLE_OBJC_ARC = YES;
				CLANG_ENABLE_OBJC_WEAK = YES;
				CLANG_WARN_BLOCK_CAPTURE_AUTORELEASING = YES;
				CLANG_WARN_BOOL_CONVERSION = YES;
				CLANG_WARN_COMMA = YES;
				CLANG_WARN_CONSTANT_CONVERSION = YES;
				CLANG_WARN_DEPRECATED_OBJC_IMPLEMENTATIONS = YES;
				CLANG_WARN_DIRECT_OBJC_ISA_USAGE = YES_ERROR;
				CLANG_WARN_DOCUMENTATION_COMMENTS = YES;
				CLANG_WARN_EMPTY_BODY = YES;
				CLANG_WARN_ENUM_CONVERSION = YES;
				CLANG_WARN_INFINITE_RECURSION = YES;
				CLANG_WARN_INT_CONVERSION = YES;
				CLANG_WARN_NON_LITERAL_NULL_CONVERSION = YES;
				CLANG_WARN_OBJC_IMPLICIT_RETAIN_SELF = YES;
				CLANG_WARN_OBJC_LITERAL_CONVERSION = YES;
				CLANG_WARN_OBJC_ROOT_CLASS = YES_ERROR;
				CLANG_WARN_QUOTED_INCLUDE_IN_FRAMEWORK_HEADER = YES;
				CLANG_WARN_RANGE_LOOP_ANALYSIS = YES;
				CLANG_WARN_STRICT_PROTOTYPES = YES;
				CLANG_WARN_SUSPICIOUS_MOVE = YES;
				CLANG_WARN_UNGUARDED_AVAILABILITY = YES_AGGRESSIVE;
				CLANG_WARN_UNREACHABLE_CODE = YES;
				CLANG_WARN__DUPLICATE_METHOD_MATCH = YES;
				COPY_PHASE_STRIP = NO;
				DEBUG_INFORMATION_FORMAT = "dwarf-with-dsym";
				ENABLE_NS_ASSERTIONS = NO;
				ENABLE_STRICT_OBJC_MSGSEND = YES;
				GCC_C_LANGUAGE_STANDARD = gnu11;
				GCC_NO_COMMON_BLOCKS = YES;
				GCC_WARN_64_TO_32_BIT_CONVERSION = YES;
				GCC_WARN_ABOUT_RETURN_TYPE = YES_ERROR;
				GCC_WARN_UNDECLARED_SELECTOR = YES;
				GCC_WARN_UNINITIALIZED_AUTOS = YES_AGGRESSIVE;
				GCC_WARN_UNUSED_FUNCTION = YES;
				GCC_WARN_UNUSED_VARIABLE = YES;
				IPHONEOS_DEPLOYMENT_TARGET = 16.2;
				MTL_ENABLE_DEBUG_INFO = NO;
				MTL_FAST_MATH = YES;
				SDKROOT = iphoneos;
				SWIFT_COMPILATION_MODE = wholemodule;
				SWIFT_OPTIMIZATION_LEVEL = "-O";
				VALIDATE_PRODUCT = YES;
			};
			name = Release;
		};
		325C58A829AA9F4200508E08 /* Debug */ = {
			isa = XCBuildConfiguration;
			buildSettings = {
				ASSETCATALOG_COMPILER_APPICON_NAME = AppIcon;
				ASSETCATALOG_COMPILER_GLOBAL_ACCENT_COLOR_NAME = AccentColor;
				CODE_SIGN_STYLE = Automatic;
				CURRENT_PROJECT_VERSION = 1;
				DEVELOPMENT_TEAM = T6S3P6VTG3;
				GENERATE_INFOPLIST_FILE = YES;
				INFOPLIST_FILE = newexample/Info.plist;
				INFOPLIST_KEY_UIApplicationSupportsIndirectInputEvents = YES;
				INFOPLIST_KEY_UILaunchStoryboardName = LaunchScreen;
				INFOPLIST_KEY_UIMainStoryboardFile = Main;
				INFOPLIST_KEY_UISupportedInterfaceOrientations_iPad = "UIInterfaceOrientationPortrait UIInterfaceOrientationPortraitUpsideDown UIInterfaceOrientationLandscapeLeft UIInterfaceOrientationLandscapeRight";
				INFOPLIST_KEY_UISupportedInterfaceOrientations_iPhone = "UIInterfaceOrientationPortrait UIInterfaceOrientationLandscapeLeft UIInterfaceOrientationLandscapeRight";
				LD_RUNPATH_SEARCH_PATHS = (
					"$(inherited)",
					"@executable_path/Frameworks",
				);
				MARKETING_VERSION = 1.0;
				PRODUCT_BUNDLE_IDENTIFIER = com.app.newexample;
				PRODUCT_NAME = "$(TARGET_NAME)";
				SWIFT_EMIT_LOC_STRINGS = YES;
				SWIFT_VERSION = 5.0;
				TARGETED_DEVICE_FAMILY = "1,2";
			};
			name = Debug;
		};
		325C58A929AA9F4200508E08 /* Release */ = {
			isa = XCBuildConfiguration;
			buildSettings = {
				ASSETCATALOG_COMPILER_APPICON_NAME = AppIcon;
				ASSETCATALOG_COMPILER_GLOBAL_ACCENT_COLOR_NAME = AccentColor;
				CODE_SIGN_STYLE = Automatic;
				CURRENT_PROJECT_VERSION = 1;
				DEVELOPMENT_TEAM = T6S3P6VTG3;
				GENERATE_INFOPLIST_FILE = YES;
				INFOPLIST_FILE = newexample/Info.plist;
				INFOPLIST_KEY_UIApplicationSupportsIndirectInputEvents = YES;
				INFOPLIST_KEY_UILaunchStoryboardName = LaunchScreen;
				INFOPLIST_KEY_UIMainStoryboardFile = Main;
				INFOPLIST_KEY_UISupportedInterfaceOrientations_iPad = "UIInterfaceOrientationPortrait UIInterfaceOrientationPortraitUpsideDown UIInterfaceOrientationLandscapeLeft UIInterfaceOrientationLandscapeRight";
				INFOPLIST_KEY_UISupportedInterfaceOrientations_iPhone = "UIInterfaceOrientationPortrait UIInterfaceOrientationLandscapeLeft UIInterfaceOrientationLandscapeRight";
				LD_RUNPATH_SEARCH_PATHS = (
					"$(inherited)",
					"@executable_path/Frameworks",
				);
				MARKETING_VERSION = 1.0;
				PRODUCT_BUNDLE_IDENTIFIER = com.app.newexample;
				PRODUCT_NAME = "$(TARGET_NAME)";
				SWIFT_EMIT_LOC_STRINGS = YES;
				SWIFT_VERSION = 5.0;
				TARGETED_DEVICE_FAMILY = "1,2";
			};
			name = Release;
		};
		325C58AB29AA9F4200508E08 /* Debug */ = {
			isa = XCBuildConfiguration;
			buildSettings = {
				ALWAYS_EMBED_SWIFT_STANDARD_LIBRARIES = YES;
				BUNDLE_LOADER = "$(TEST_HOST)";
				CODE_SIGN_STYLE = Automatic;
				CURRENT_PROJECT_VERSION = 1;
				DEVELOPMENT_TEAM = T6S3P6VTG3;
				GENERATE_INFOPLIST_FILE = YES;
				IPHONEOS_DEPLOYMENT_TARGET = 16.2;
				MARKETING_VERSION = 1.0;
				PRODUCT_BUNDLE_IDENTIFIER = com.app.newexampleTests;
				PRODUCT_NAME = "$(TARGET_NAME)";
				SWIFT_EMIT_LOC_STRINGS = NO;
				SWIFT_VERSION = 5.0;
				TARGETED_DEVICE_FAMILY = "1,2";
				TEST_HOST = "$(BUILT_PRODUCTS_DIR)/newexample.app/$(BUNDLE_EXECUTABLE_FOLDER_PATH)/newexample";
			};
			name = Debug;
		};
		325C58AC29AA9F4200508E08 /* Release */ = {
			isa = XCBuildConfiguration;
			buildSettings = {
				ALWAYS_EMBED_SWIFT_STANDARD_LIBRARIES = YES;
				BUNDLE_LOADER = "$(TEST_HOST)";
				CODE_SIGN_STYLE = Automatic;
				CURRENT_PROJECT_VERSION = 1;
				DEVELOPMENT_TEAM = T6S3P6VTG3;
				GENERATE_INFOPLIST_FILE = YES;
				IPHONEOS_DEPLOYMENT_TARGET = 16.2;
				MARKETING_VERSION = 1.0;
				PRODUCT_BUNDLE_IDENTIFIER = com.app.newexampleTests;
				PRODUCT_NAME = "$(TARGET_NAME)";
				SWIFT_EMIT_LOC_STRINGS = NO;
				SWIFT_VERSION = 5.0;
				TARGETED_DEVICE_FAMILY = "1,2";
				TEST_HOST = "$(BUILT_PRODUCTS_DIR)/newexample.app/$(BUNDLE_EXECUTABLE_FOLDER_PATH)/newexample";
			};
			name = Release;
		};
		325C58AE29AA9F4200508E08 /* Debug */ = {
			isa = XCBuildConfiguration;
			buildSettings = {
				ALWAYS_EMBED_SWIFT_STANDARD_LIBRARIES = YES;
				CODE_SIGN_STYLE = Automatic;
				CURRENT_PROJECT_VERSION = 1;
				DEVELOPMENT_TEAM = T6S3P6VTG3;
				GENERATE_INFOPLIST_FILE = YES;
				MARKETING_VERSION = 1.0;
				PRODUCT_BUNDLE_IDENTIFIER = com.app.newexampleUITests;
				PRODUCT_NAME = "$(TARGET_NAME)";
				SWIFT_EMIT_LOC_STRINGS = NO;
				SWIFT_VERSION = 5.0;
				TARGETED_DEVICE_FAMILY = "1,2";
				TEST_TARGET_NAME = newexample;
			};
			name = Debug;
		};
		325C58AF29AA9F4200508E08 /* Release */ = {
			isa = XCBuildConfiguration;
			buildSettings = {
				ALWAYS_EMBED_SWIFT_STANDARD_LIBRARIES = YES;
				CODE_SIGN_STYLE = Automatic;
				CURRENT_PROJECT_VERSION = 1;
				DEVELOPMENT_TEAM = T6S3P6VTG3;
				GENERATE_INFOPLIST_FILE = YES;
				MARKETING_VERSION = 1.0;
				PRODUCT_BUNDLE_IDENTIFIER = com.app.newexampleUITests;
				PRODUCT_NAME = "$(TARGET_NAME)";
				SWIFT_EMIT_LOC_STRINGS = NO;
				SWIFT_VERSION = 5.0;
				TARGETED_DEVICE_FAMILY = "1,2";
				TEST_TARGET_NAME = newexample;
			};
			name = Release;
		};
/* End XCBuildConfiguration section */

/* Begin XCConfigurationList section */
		325C587829AA9F4100508E08 /* Build configuration list for PBXProject "newexample" */ = {
			isa = XCConfigurationList;
			buildConfigurations = (
				325C58A529AA9F4200508E08 /* Debug */,
				325C58A629AA9F4200508E08 /* Release */,
			);
			defaultConfigurationIsVisible = 0;
			defaultConfigurationName = Release;
		};
		325C58A729AA9F4200508E08 /* Build configuration list for PBXNativeTarget "newexample" */ = {
			isa = XCConfigurationList;
			buildConfigurations = (
				325C58A829AA9F4200508E08 /* Debug */,
				325C58A929AA9F4200508E08 /* Release */,
			);
			defaultConfigurationIsVisible = 0;
			defaultConfigurationName = Release;
		};
		325C58AA29AA9F4200508E08 /* Build configuration list for PBXNativeTarget "newexampleTests" */ = {
			isa = XCConfigurationList;
			buildConfigurations = (
				325C58AB29AA9F4200508E08 /* Debug */,
				325C58AC29AA9F4200508E08 /* Release */,
			);
			defaultConfigurationIsVisible = 0;
			defaultConfigurationName = Release;
		};
		325C58AD29AA9F4200508E08 /* Build configuration list for PBXNativeTarget "newexampleUITests" */ = {
			isa = XCConfigurationList;
			buildConfigurations = (
				325C58AE29AA9F4200508E08 /* Debug */,
				325C58AF29AA9F4200508E08 /* Release */,
			);
			defaultConfigurationIsVisible = 0;
			defaultConfigurationName = Release;
		};
/* End XCConfigurationList section */
	};
	rootObject = 325C587529AA9F4100508E08 /* Project object */;
}
